
Microsoft Visual Studio Solution File, Format Version 12.00
# Visual Studio Version 17
VisualStudioVersion = 17.10.35122.118
MinimumVisualStudioVersion = 10.0.40219.1
Project("{FAE04EC0-301F-11D3-BF4B-00C04F79EFBC}") = "TIC_TAC_TOE", "TIC_TAC_TOE\TIC_TAC_TOE.csproj", "{BC31650A-456C-4007-A61C-AFDEDF1F119C}"
EndProject
Global
	GlobalSection(SolutionConfigurationPlatforms) = preSolution
		Debug|Any CPU = Debug|Any CPU
		Release|Any CPU = Release|Any CPU
	EndGlobalSection
	GlobalSection(ProjectConfigurationPlatforms) = postSolution
		{BC31650A-456C-4007-A61C-AFDEDF1F119C}.Debug|Any CPU.ActiveCfg = Debug|Any CPU
		{BC31650A-456C-4007-A61C-AFDEDF1F119C}.Debug|Any CPU.Build.0 = Debug|Any CPU
		{BC31650A-456C-4007-A61C-AFDEDF1F119C}.Release|Any CPU.ActiveCfg = Release|Any CPU
		{BC31650A-456C-4007-A61C-AFDEDF1F119C}.Release|Any CPU.Build.0 = Release|Any CPU
	EndGlobalSection
	GlobalSection(SolutionProperties) = preSolution
		HideSolutionNode = FALSE
	EndGlobalSection
	GlobalSection(ExtensibilityGlobals) = postSolution
		SolutionGuid = {ED36FD2C-F132-4BCD-A3A8-EF2DA94C5F34}
	EndGlobalSection
EndGlobal
